
Microsoft Visual Studio Solution File, Format Version 12.00
# Visual Studio Version 17
VisualStudioVersion = 17.5.33424.131
MinimumVisualStudioVersion = 10.0.40219.1
Project("{FAE04EC0-301F-11D3-BF4B-00C04F79EFBC}") = "Healper-BackEnd", "Healper-BackEnd\Healper-BackEnd.csproj", "{2365A424-C1C6-49B7-8CF9-803890A44A2A}"
EndProject
Global
	GlobalSection(SolutionConfigurationPlatforms) = preSolution
		Debug|Any CPU = Debug|Any CPU
		Release|Any CPU = Release|Any CPU
	EndGlobalSection
	GlobalSection(ProjectConfigurationPlatforms) = postSolution
		{2365A424-C1C6-49B7-8CF9-803890A44A2A}.Debug|Any CPU.ActiveCfg = Debug|Any CPU
		{2365A424-C1C6-49B7-8CF9-803890A44A2A}.Debug|Any CPU.Build.0 = Debug|Any CPU
		{2365A424-C1C6-49B7-8CF9-803890A44A2A}.Release|Any CPU.ActiveCfg = Release|Any CPU
		{2365A424-C1C6-49B7-8CF9-803890A44A2A}.Release|Any CPU.Build.0 = Release|Any CPU
	EndGlobalSection
	GlobalSection(SolutionProperties) = preSolution
		HideSolutionNode = FALSE
	EndGlobalSection
	GlobalSection(ExtensibilityGlobals) = postSolution
		SolutionGuid = {FB2FB1B5-D10A-429E-9C8C-54FFBDE7ECE5}
	EndGlobalSection
EndGlobal
